
Microsoft Visual Studio Solution File, Format Version 12.00
# Visual Studio 15
VisualStudioVersion = 15.0.28010.2036
MinimumVisualStudioVersion = 10.0.40219.1
Project("{FAE04EC0-301F-11D3-BF4B-00C04F79EFBC}") = "Categories", "Categories\Categories.csproj", "{D8B34408-87A5-4983-8734-3CE24683EAB2}"
EndProject
Project("{FAE04EC0-301F-11D3-BF4B-00C04F79EFBC}") = "Core", "Core\Core.csproj", "{6E13A44E-D40D-4F15-9F2F-CA3A5B049B2E}"
EndProject
Project("{2150E333-8FDC-42A3-9474-1A3956D46DE8}") = "Solution Items", "Solution Items", "{8A15CED1-0C4F-4AAB-921C-1E7DABBE38DB}"
	ProjectSection(SolutionItems) = preProject
		readme.md = readme.md
	EndProjectSection
EndProject
Global
	GlobalSection(SolutionConfigurationPlatforms) = preSolution
		Debug|Any CPU = Debug|Any CPU
		Release|Any CPU = Release|Any CPU
	EndGlobalSection
	GlobalSection(ProjectConfigurationPlatforms) = postSolution
		{D8B34408-87A5-4983-8734-3CE24683EAB2}.Debug|Any CPU.ActiveCfg = Debug|Any CPU
		{D8B34408-87A5-4983-8734-3CE24683EAB2}.Debug|Any CPU.Build.0 = Debug|Any CPU
		{D8B34408-87A5-4983-8734-3CE24683EAB2}.Release|Any CPU.ActiveCfg = Release|Any CPU
		{D8B34408-87A5-4983-8734-3CE24683EAB2}.Release|Any CPU.Build.0 = Release|Any CPU
		{6E13A44E-D40D-4F15-9F2F-CA3A5B049B2E}.Debug|Any CPU.ActiveCfg = Debug|Any CPU
		{6E13A44E-D40D-4F15-9F2F-CA3A5B049B2E}.Debug|Any CPU.Build.0 = Debug|Any CPU
		{6E13A44E-D40D-4F15-9F2F-CA3A5B049B2E}.Release|Any CPU.ActiveCfg = Release|Any CPU
		{6E13A44E-D40D-4F15-9F2F-CA3A5B049B2E}.Release|Any CPU.Build.0 = Release|Any CPU
	EndGlobalSection
	GlobalSection(SolutionProperties) = preSolution
		HideSolutionNode = FALSE
	EndGlobalSection
	GlobalSection(ExtensibilityGlobals) = postSolution
		SolutionGuid = {2DA40CFC-6485-49BC-BE51-B6A34D357709}
	EndGlobalSection
EndGlobal
